
Microsoft Visual Studio Solution File, Format Version 12.00
# Visual Studio Version 17
VisualStudioVersion = 17.0.31903.59
MinimumVisualStudioVersion = 10.0.40219.1
Project("{FAE04EC0-301F-11D3-BF4B-00C04F79EFBC}") = "Abstract Factory", "Abstract Factory.csproj", "{3D2A213D-E425-447C-BF5A-469FED530891}"
EndProject
Global
	GlobalSection(SolutionConfigurationPlatforms) = preSolution
		Debug|Any CPU = Debug|Any CPU
		Release|Any CPU = Release|Any CPU
	EndGlobalSection
	GlobalSection(ProjectConfigurationPlatforms) = postSolution
		{3D2A213D-E425-447C-BF5A-469FED530891}.Debug|Any CPU.ActiveCfg = Debug|Any CPU
		{3D2A213D-E425-447C-BF5A-469FED530891}.Debug|Any CPU.Build.0 = Debug|Any CPU
		{3D2A213D-E425-447C-BF5A-469FED530891}.Release|Any CPU.ActiveCfg = Release|Any CPU
		{3D2A213D-E425-447C-BF5A-469FED530891}.Release|Any CPU.Build.0 = Release|Any CPU
	EndGlobalSection
	GlobalSection(SolutionProperties) = preSolution
		HideSolutionNode = FALSE
	EndGlobalSection
	GlobalSection(ExtensibilityGlobals) = postSolution
		SolutionGuid = {7388D98D-54F8-43CA-934C-F9A508B12568}
	EndGlobalSection
EndGlobal
